{
  "originHash" : "74350aa352c5d591ca8d4f79af1d4ddfebb8db922d44b4aaadfe4515f1da67a9",
  "pins" : [
    {
      "identity" : "iqkeyboardmanager",
      "kind" : "remoteSourceControl",
      "location" : "https://github.com/hackiftekhar/IQKeyboardManager",
      "state" : {
        "revision" : "c00b1ae9fa1ad8af4465bb6ca901f6943fc98eba",
        "version" : "6.5.16"
      }
    }
  ],
  "version" : 3
}
